// !$*UTF8*$!
{
	archiveVersion = 1;
	classes = {
	};
	objectVersion = 50;
	objects = {

/* Begin PBXBuildFile section */
		260C46CF20CD5841008952B4 /* BottomView.m in Sources */ = {isa = PBXBuildFile; fileRef = 260C46CE20CD5841008952B4 /* BottomView.m */; };
		260C46D220CD6736008952B4 /* TopView.m in Sources */ = {isa = PBXBuildFile; fileRef = 260C46D120CD6736008952B4 /* TopView.m */; };
		26196CB820C55C6E0097D72D /* AppDelegate.m in Sources */ = {isa = PBXBuildFile; fileRef = 26196CB720C55C6E0097D72D /* AppDelegate.m */; };
		26196CBB20C55C6E0097D72D /* ViewController.m in Sources */ = {isa = PBXBuildFile; fileRef = 26196CBA20C55C6E0097D72D /* ViewController.m */; };
		26196CBE20C55C6E0097D72D /* Main.storyboard in Resources */ = {isa = PBXBuildFile; fileRef = 26196CBC20C55C6E0097D72D /* Main.storyboard */; };
		26196CC120C55C6E0097D72D /* GoogleMapProject.xcdatamodeld in Sources */ = {isa = PBXBuildFile; fileRef = 26196CBF20C55C6E0097D72D /* GoogleMapProject.xcdatamodeld */; };
		26196CC320C55C6F0097D72D /* Assets.xcassets in Resources */ = {isa = PBXBuildFile; fileRef = 26196CC220C55C6F0097D72D /* Assets.xcassets */; };
		26196CC620C55C6F0097D72D /* LaunchScreen.storyboard in Resources */ = {isa = PBXBuildFile; fileRef = 26196CC420C55C6F0097D72D /* LaunchScreen.storyboard */; };
		26196CC920C55C6F0097D72D /* main.m in Sources */ = {isa = PBXBuildFile; fileRef = 26196CC820C55C6F0097D72D /* main.m */; };
		2636ACA220F635BE00FBDDC5 /* HomePageSectionZeroTypeTowCell.m in Sources */ = {isa = PBXBuildFile; fileRef = 2636ACA120F635BE00FBDDC5 /* HomePageSectionZeroTypeTowCell.m */; };
		265F8D1420EBA9FF00620F3E /* KNLocationConverter.m in Sources */ = {isa = PBXBuildFile; fileRef = 265F8D1320EBA9FF00620F3E /* KNLocationConverter.m */; };
		265F8D1720EBC29600620F3E /* SearchKeyViewController.m in Sources */ = {isa = PBXBuildFile; fileRef = 265F8D1620EBC29600620F3E /* SearchKeyViewController.m */; };
		265F8D1A20EBC8BA00620F3E /* SearchKeyNavVar.m in Sources */ = {isa = PBXBuildFile; fileRef = 265F8D1920EBC8BA00620F3E /* SearchKeyNavVar.m */; };
		265F8D1D20EE5C9B00620F3E /* RegistSecondViewController.m in Sources */ = {isa = PBXBuildFile; fileRef = 265F8D1C20EE5C9B00620F3E /* RegistSecondViewController.m */; };
		265F8D2020EE69BE00620F3E /* CommentModel.m in Sources */ = {isa = PBXBuildFile; fileRef = 265F8D1F20EE69BE00620F3E /* CommentModel.m */; };
		267BBF4320D913760005AE5A /* LoginViewController.m in Sources */ = {isa = PBXBuildFile; fileRef = 267BBF4220D913760005AE5A /* LoginViewController.m */; };
		267BBF4620D92B330005AE5A /* RegistViewController.m in Sources */ = {isa = PBXBuildFile; fileRef = 267BBF4520D92B330005AE5A /* RegistViewController.m */; };
		267BBF4920D92B450005AE5A /* FogotViewController.m in Sources */ = {isa = PBXBuildFile; fileRef = 267BBF4820D92B450005AE5A /* FogotViewController.m */; };
		267BBF4C20D93D4D0005AE5A /* PubulicObj.m in Sources */ = {isa = PBXBuildFile; fileRef = 267BBF4B20D93D4D0005AE5A /* PubulicObj.m */; };
		267BBF4F20D941D20005AE5A /* FogotSecondViewController.m in Sources */ = {isa = PBXBuildFile; fileRef = 267BBF4E20D941D20005AE5A /* FogotSecondViewController.m */; };
		267BBF5420DA7D4F0005AE5A /* ThirdPartyLandedView.m in Sources */ = {isa = PBXBuildFile; fileRef = 267BBF5320DA7D4F0005AE5A /* ThirdPartyLandedView.m */; };
		267BBF5720DA840A0005AE5A /* HomePageViewController.m in Sources */ = {isa = PBXBuildFile; fileRef = 267BBF5620DA840A0005AE5A /* HomePageViewController.m */; };
		267BBF5A20DA89A10005AE5A /* HomePageNavView.m in Sources */ = {isa = PBXBuildFile; fileRef = 267BBF5920DA89A10005AE5A /* HomePageNavView.m */; };
		267BBF5D20DA912E0005AE5A /* HomePageSectionZeroCell.m in Sources */ = {isa = PBXBuildFile; fileRef = 267BBF5C20DA912E0005AE5A /* HomePageSectionZeroCell.m */; };
		267BBF6020DA99460005AE5A /* HomePageSectionOneCell.m in Sources */ = {isa = PBXBuildFile; fileRef = 267BBF5F20DA99460005AE5A /* HomePageSectionOneCell.m */; };
		267BBF6320DA9FC20005AE5A /* HomePageSecitonThreeCell.m in Sources */ = {isa = PBXBuildFile; fileRef = 267BBF6220DA9FC20005AE5A /* HomePageSecitonThreeCell.m */; };
		267BBF6620DAA1D30005AE5A /* HomePageSectionOneheader.m in Sources */ = {isa = PBXBuildFile; fileRef = 267BBF6520DAA1D30005AE5A /* HomePageSectionOneheader.m */; };
		267BBF6920DAA1F50005AE5A /* HomePageSectionTowheader.m in Sources */ = {isa = PBXBuildFile; fileRef = 267BBF6820DAA1F50005AE5A /* HomePageSectionTowheader.m */; };
		267BBF6C20DAAEE60005AE5A /* LeftViewController.m in Sources */ = {isa = PBXBuildFile; fileRef = 267BBF6B20DAAEE60005AE5A /* LeftViewController.m */; };
		267BBF6F20DAB2060005AE5A /* LeftViewHeader.m in Sources */ = {isa = PBXBuildFile; fileRef = 267BBF6E20DAB2060005AE5A /* LeftViewHeader.m */; };
		267BBF7520DAB9090005AE5A /* CollectionShopViewController.m in Sources */ = {isa = PBXBuildFile; fileRef = 267BBF7420DAB9090005AE5A /* CollectionShopViewController.m */; };
		267BBF7820DBDFA50005AE5A /* NavHeader.m in Sources */ = {isa = PBXBuildFile; fileRef = 267BBF7720DBDFA50005AE5A /* NavHeader.m */; };
		267BBF7B20DBEA8E0005AE5A /* CollectionShopUneditCell.m in Sources */ = {isa = PBXBuildFile; fileRef = 267BBF7A20DBEA8E0005AE5A /* CollectionShopUneditCell.m */; };
		267BBF7E20DBF4930005AE5A /* CollectionShopEditCell.m in Sources */ = {isa = PBXBuildFile; fileRef = 267BBF7D20DBF4930005AE5A /* CollectionShopEditCell.m */; };
		267BBF8120DBFC9E0005AE5A /* CommentCell.m in Sources */ = {isa = PBXBuildFile; fileRef = 267BBF8020DBFC9E0005AE5A /* CommentCell.m */; };
		2682073520F2613A00DE7FE0 /* HomePageSectionOneModel.m in Sources */ = {isa = PBXBuildFile; fileRef = 2682073420F2613A00DE7FE0 /* HomePageSectionOneModel.m */; };
		2682073820F261EA00DE7FE0 /* HomePageSectionTowModel.m in Sources */ = {isa = PBXBuildFile; fileRef = 2682073720F261EA00DE7FE0 /* HomePageSectionTowModel.m */; };
		2682073B20F3A5F100DE7FE0 /* SearchResultFooter.m in Sources */ = {isa = PBXBuildFile; fileRef = 2682073A20F3A5F100DE7FE0 /* SearchResultFooter.m */; };
		26904EB520E78A2200084B5F /* HomePageMapViewController.m in Sources */ = {isa = PBXBuildFile; fileRef = 26904EB420E78A2200084B5F /* HomePageMapViewController.m */; };
		26904EB820E78CD000084B5F /* YNSFunctionBar.m in Sources */ = {isa = PBXBuildFile; fileRef = 26904EB720E78CD000084B5F /* YNSFunctionBar.m */; };
		26A608C620E1251300B677FF /* ChangePasswordViewController.m in Sources */ = {isa = PBXBuildFile; fileRef = 26A608C520E1251300B677FF /* ChangePasswordViewController.m */; };
		C908C6E120F3443E0090E2B1 /* MapBottomModel.m in Sources */ = {isa = PBXBuildFile; fileRef = C908C6E020F3443E0090E2B1 /* MapBottomModel.m */; };
		C908C6E420F355B20090E2B1 /* CustomMarker.m in Sources */ = {isa = PBXBuildFile; fileRef = C908C6E320F355B20090E2B1 /* CustomMarker.m */; };
		C908C6E720F483280090E2B1 /* SearchResultModel.m in Sources */ = {isa = PBXBuildFile; fileRef = C908C6E620F483280090E2B1 /* SearchResultModel.m */; };
		C938504720EC9F85007AF5A7 /* YFScrollView.m in Sources */ = {isa = PBXBuildFile; fileRef = C938504320EC9F85007AF5A7 /* YFScrollView.m */; };
		C938504820EC9F85007AF5A7 /* YFScaleScrollViewView.m in Sources */ = {isa = PBXBuildFile; fileRef = C938504620EC9F85007AF5A7 /* YFScaleScrollViewView.m */; };
		C938504B20ECAD10007AF5A7 /* TestViewController.m in Sources */ = {isa = PBXBuildFile; fileRef = C938504A20ECAD10007AF5A7 /* TestViewController.m */; };
		C938504E20ECB44A007AF5A7 /* CustomBrowser.m in Sources */ = {isa = PBXBuildFile; fileRef = C938504D20ECB44A007AF5A7 /* CustomBrowser.m */; };
		C938505120EDA741007AF5A7 /* AFNetRequest.m in Sources */ = {isa = PBXBuildFile; fileRef = C938505020EDA741007AF5A7 /* AFNetRequest.m */; };
		C938505420EDE24C007AF5A7 /* CollectionShopModel.m in Sources */ = {isa = PBXBuildFile; fileRef = C938505320EDE24B007AF5A7 /* CollectionShopModel.m */; };
		C97712E120DB4F2D007AE5F0 /* CommentViewController.m in Sources */ = {isa = PBXBuildFile; fileRef = C97712E020DB4F2D007AE5F0 /* CommentViewController.m */; };
		C97712E720DB5046007AE5F0 /* BindingPhoneViewController.m in Sources */ = {isa = PBXBuildFile; fileRef = C97712E620DB5046007AE5F0 /* BindingPhoneViewController.m */; };
		C97712EA20DB5062007AE5F0 /* AboutUsViewController.m in Sources */ = {isa = PBXBuildFile; fileRef = C97712E920DB5062007AE5F0 /* AboutUsViewController.m */; };
		C97712ED20DB5085007AE5F0 /* VersionInformationViewController.m in Sources */ = {isa = PBXBuildFile; fileRef = C97712EC20DB5085007AE5F0 /* VersionInformationViewController.m */; };
		C97712FD20E09B4A007AE5F0 /* PersonDataController.m in Sources */ = {isa = PBXBuildFile; fileRef = C97712FC20E09B4A007AE5F0 /* PersonDataController.m */; };
		C977130020E09F73007AE5F0 /* PersonImageCell.m in Sources */ = {isa = PBXBuildFile; fileRef = C97712FF20E09F73007AE5F0 /* PersonImageCell.m */; };
		C977130320E0B768007AE5F0 /* PersonDataCell.m in Sources */ = {isa = PBXBuildFile; fileRef = C977130220E0B768007AE5F0 /* PersonDataCell.m */; };
		C977130620E0DF69007AE5F0 /* ChangePersonNameViewController.m in Sources */ = {isa = PBXBuildFile; fileRef = C977130520E0DF69007AE5F0 /* ChangePersonNameViewController.m */; };
		C977130920E0E93F007AE5F0 /* ChangeSexViewController.m in Sources */ = {isa = PBXBuildFile; fileRef = C977130820E0E93F007AE5F0 /* ChangeSexViewController.m */; };
		C977130C20E0EFAC007AE5F0 /* ChangeTelphoneNumViewController.m in Sources */ = {isa = PBXBuildFile; fileRef = C977130B20E0EFAC007AE5F0 /* ChangeTelphoneNumViewController.m */; };
		C977130F20E1D28B007AE5F0 /* FilterView.m in Sources */ = {isa = PBXBuildFile; fileRef = C977130E20E1D28B007AE5F0 /* FilterView.m */; };
		C977131220E1DFD9007AE5F0 /* FilterHeader.m in Sources */ = {isa = PBXBuildFile; fileRef = C977131120E1DFD9007AE5F0 /* FilterHeader.m */; };
		C977131620E1EECC007AE5F0 /* FilterHeaderModel.m in Sources */ = {isa = PBXBuildFile; fileRef = C977131520E1EECC007AE5F0 /* FilterHeaderModel.m */; };
		C977131920E1EF42007AE5F0 /* FilterItem.m in Sources */ = {isa = PBXBuildFile; fileRef = C977131820E1EF42007AE5F0 /* FilterItem.m */; };
		C977131C20E1F845007AE5F0 /* CustomBut.m in Sources */ = {isa = PBXBuildFile; fileRef = C977131B20E1F845007AE5F0 /* CustomBut.m */; };
		C977131F20E1F87E007AE5F0 /* FilterCell.m in Sources */ = {isa = PBXBuildFile; fileRef = C977131E20E1F87E007AE5F0 /* FilterCell.m */; };
		C977132220E20688007AE5F0 /* HomePageListViewController.m in Sources */ = {isa = PBXBuildFile; fileRef = C977132120E20688007AE5F0 /* HomePageListViewController.m */; };
		C977132520E212FB007AE5F0 /* ShopInfoViewController.m in Sources */ = {isa = PBXBuildFile; fileRef = C977132420E212FB007AE5F0 /* ShopInfoViewController.m */; };
		C977132820E214F7007AE5F0 /* ShopInfoTableViewCell.m in Sources */ = {isa = PBXBuildFile; fileRef = C977132720E214F7007AE5F0 /* ShopInfoTableViewCell.m */; };
		C977132E20E23249007AE5F0 /* ShopInfoCommentTableViewCell.m in Sources */ = {isa = PBXBuildFile; fileRef = C977132D20E23249007AE5F0 /* ShopInfoCommentTableViewCell.m */; };
		C977133120E23BAF007AE5F0 /* ShopInfoFooter.m in Sources */ = {isa = PBXBuildFile; fileRef = C977133020E23BAF007AE5F0 /* ShopInfoFooter.m */; };
		C977133420E23FD4007AE5F0 /* ShopInfoNavBar.m in Sources */ = {isa = PBXBuildFile; fileRef = C977133320E23FD4007AE5F0 /* ShopInfoNavBar.m */; };
		C977133720E31FFD007AE5F0 /* CWStarRateView.m in Sources */ = {isa = PBXBuildFile; fileRef = C977133520E31FFD007AE5F0 /* CWStarRateView.m */; };
		C977133A20E32217007AE5F0 /* ShopCommentViewController.m in Sources */ = {isa = PBXBuildFile; fileRef = C977133920E32217007AE5F0 /* ShopCommentViewController.m */; };
		C977133D20E32326007AE5F0 /* ShopCommentNavBar.m in Sources */ = {isa = PBXBuildFile; fileRef = C977133C20E32326007AE5F0 /* ShopCommentNavBar.m */; };
		C977134020E32820007AE5F0 /* ShopCommentSectionZeroHeader.m in Sources */ = {isa = PBXBuildFile; fileRef = C977133F20E32820007AE5F0 /* ShopCommentSectionZeroHeader.m */; };
		C977134320E33129007AE5F0 /* ShopCommentSectionZeroCell.m in Sources */ = {isa = PBXBuildFile; fileRef = C977134220E33129007AE5F0 /* ShopCommentSectionZeroCell.m */; };
		C977134620E3392F007AE5F0 /* ShopCommentSectionOneCell.m in Sources */ = {isa = PBXBuildFile; fileRef = C977134520E3392F007AE5F0 /* ShopCommentSectionOneCell.m */; };
		C977134920E33BCB007AE5F0 /* ShopCommentSectionThreeCell.m in Sources */ = {isa = PBXBuildFile; fileRef = C977134820E33BCB007AE5F0 /* ShopCommentSectionThreeCell.m */; };
		C977137C20E358AD007AE5F0 /* CustomAccount.m in Sources */ = {isa = PBXBuildFile; fileRef = C977137B20E358AD007AE5F0 /* CustomAccount.m */; };
		C977137F20E37913007AE5F0 /* FiterOtherCell.m in Sources */ = {isa = PBXBuildFile; fileRef = C977137E20E37913007AE5F0 /* FiterOtherCell.m */; };
		C977138220E475ED007AE5F0 /* FirstViewController.m in Sources */ = {isa = PBXBuildFile; fileRef = C977138120E475ED007AE5F0 /* FirstViewController.m */; };
		C977138820E47DF3007AE5F0 /* CustormAlertView.m in Sources */ = {isa = PBXBuildFile; fileRef = C977138720E47DF3007AE5F0 /* CustormAlertView.m */; };
		C977138B20E4B854007AE5F0 /* SearchResultViewController.m in Sources */ = {isa = PBXBuildFile; fileRef = C977138A20E4B854007AE5F0 /* SearchResultViewController.m */; };
		C977138E20E4BE35007AE5F0 /* SearchResultHeader.m in Sources */ = {isa = PBXBuildFile; fileRef = C977138D20E4BE35007AE5F0 /* SearchResultHeader.m */; };
		C977139120E4BFF0007AE5F0 /* SearchResultSectionZeroCell.m in Sources */ = {isa = PBXBuildFile; fileRef = C977139020E4BFF0007AE5F0 /* SearchResultSectionZeroCell.m */; };
		C977139420E4C1B1007AE5F0 /* SearchResultSectionOneCell.m in Sources */ = {isa = PBXBuildFile; fileRef = C977139320E4C1B1007AE5F0 /* SearchResultSectionOneCell.m */; };
		F4FF636EA87F22A1DB12DE83 /* libPods-GoogleMapProject.a in Frameworks */ = {isa = PBXBuildFile; fileRef = 2BF73FC6E901B989D43D34C9 /* libPods-GoogleMapProject.a */; };
/* End PBXBuildFile section */

/* Begin PBXFileReference section */
		260C46CC20CD5715008952B4 /* PrefixHeader.pch */ = {isa = PBXFileReference; lastKnownFileType = sourcecode.c.h; path = PrefixHeader.pch; sourceTree = "<group>"; };
		260C46CD20CD5841008952B4 /* BottomView.h */ = {isa = PBXFileReference; lastKnownFileType = sourcecode.c.h; path = BottomView.h; sourceTree = "<group>"; };
		260C46CE20CD5841008952B4 /* BottomView.m */ = {isa = PBXFileReference; lastKnownFileType = sourcecode.c.objc; path = BottomView.m; sourceTree = "<group>"; };
		260C46D020CD6736008952B4 /* TopView.h */ = {isa = PBXFileReference; lastKnownFileType = sourcecode.c.h; path = TopView.h; sourceTree = "<group>"; };
		260C46D120CD6736008952B4 /* TopView.m */ = {isa = PBXFileReference; lastKnownFileType = sourcecode.c.objc; path = TopView.m; sourceTree = "<group>"; };
		26196CB320C55C6E0097D72D /* GoogleMapProject.app */ = {isa = PBXFileReference; explicitFileType = wrapper.application; includeInIndex = 0; path = GoogleMapProject.app; sourceTree = BUILT_PRODUCTS_DIR; };
		26196CB620C55C6E0097D72D /* AppDelegate.h */ = {isa = PBXFileReference; lastKnownFileType = sourcecode.c.h; path = AppDelegate.h; sourceTree = "<group>"; };
		26196CB720C55C6E0097D72D /* AppDelegate.m */ = {isa = PBXFileReference; lastKnownFileType = sourcecode.c.objc; path = AppDelegate.m; sourceTree = "<group>"; };
		26196CB920C55C6E0097D72D /* ViewController.h */ = {isa = PBXFileReference; lastKnownFileType = sourcecode.c.h; path = ViewController.h; sourceTree = "<group>"; };
		26196CBA20C55C6E0097D72D /* ViewController.m */ = {isa = PBXFileReference; lastKnownFileType = sourcecode.c.objc; path = ViewController.m; sourceTree = "<group>"; };
		26196CBD20C55C6E0097D72D /* Base */ = {isa = PBXFileReference; lastKnownFileType = file.storyboard; name = Base; path = Base.lproj/Main.storyboard; sourceTree = "<group>"; };
		26196CC020C55C6E0097D72D /* GoogleMapProject.xcdatamodel */ = {isa = PBXFileReference; lastKnownFileType = wrapper.xcdatamodel; path = GoogleMapProject.xcdatamodel; sourceTree = "<group>"; };
		26196CC220C55C6F0097D72D /* Assets.xcassets */ = {isa = PBXFileReference; lastKnownFileType = folder.assetcatalog; path = Assets.xcassets; sourceTree = "<group>"; };
		26196CC520C55C6F0097D72D /* Base */ = {isa = PBXFileReference; lastKnownFileType = file.storyboard; name = Base; path = Base.lproj/LaunchScreen.storyboard; sourceTree = "<group>"; };
		26196CC720C55C6F0097D72D /* Info.plist */ = {isa = PBXFileReference; lastKnownFileType = text.plist.xml; path = Info.plist; sourceTree = "<group>"; };
		26196CC820C55C6F0097D72D /* main.m */ = {isa = PBXFileReference; lastKnownFileType = sourcecode.c.objc; path = main.m; sourceTree = "<group>"; };
		2636ACA020F635BE00FBDDC5 /* HomePageSectionZeroTypeTowCell.h */ = {isa = PBXFileReference; lastKnownFileType = sourcecode.c.h; path = HomePageSectionZeroTypeTowCell.h; sourceTree = "<group>"; };
		2636ACA120F635BE00FBDDC5 /* HomePageSectionZeroTypeTowCell.m */ = {isa = PBXFileReference; lastKnownFileType = sourcecode.c.objc; path = HomePageSectionZeroTypeTowCell.m; sourceTree = "<group>"; };
		265F8D1220EBA9FF00620F3E /* KNLocationConverter.h */ = {isa = PBXFileReference; lastKnownFileType = sourcecode.c.h; path = KNLocationConverter.h; sourceTree = "<group>"; };
		265F8D1320EBA9FF00620F3E /* KNLocationConverter.m */ = {isa = PBXFileReference; lastKnownFileType = sourcecode.c.objc; path = KNLocationConverter.m; sourceTree = "<group>"; };
		265F8D1520EBC29600620F3E /* SearchKeyViewController.h */ = {isa = PBXFileReference; lastKnownFileType = sourcecode.c.h; path = SearchKeyViewController.h; sourceTree = "<group>"; };
		265F8D1620EBC29600620F3E /* SearchKeyViewController.m */ = {isa = PBXFileReference; lastKnownFileType = sourcecode.c.objc; path = SearchKeyViewController.m; sourceTree = "<group>"; };
		265F8D1820EBC8BA00620F3E /* SearchKeyNavVar.h */ = {isa = PBXFileReference; lastKnownFileType = sourcecode.c.h; path = SearchKeyNavVar.h; sourceTree = "<group>"; };
		265F8D1920EBC8BA00620F3E /* SearchKeyNavVar.m */ = {isa = PBXFileReference; lastKnownFileType = sourcecode.c.objc; path = SearchKeyNavVar.m; sourceTree = "<group>"; };
		265F8D1B20EE5C9B00620F3E /* RegistSecondViewController.h */ = {isa = PBXFileReference; lastKnownFileType = sourcecode.c.h; path = RegistSecondViewController.h; sourceTree = "<group>"; };
		265F8D1C20EE5C9B00620F3E /* RegistSecondViewController.m */ = {isa = PBXFileReference; lastKnownFileType = sourcecode.c.objc; path = RegistSecondViewController.m; sourceTree = "<group>"; };
		265F8D1E20EE69BE00620F3E /* CommentModel.h */ = {isa = PBXFileReference; lastKnownFileType = sourcecode.c.h; path = CommentModel.h; sourceTree = "<group>"; };
		265F8D1F20EE69BE00620F3E /* CommentModel.m */ = {isa = PBXFileReference; lastKnownFileType = sourcecode.c.objc; path = CommentModel.m; sourceTree = "<group>"; };
		267BBF4120D913760005AE5A /* LoginViewController.h */ = {isa = PBXFileReference; lastKnownFileType = sourcecode.c.h; path = LoginViewController.h; sourceTree = "<group>"; };
		267BBF4220D913760005AE5A /* LoginViewController.m */ = {isa = PBXFileReference; lastKnownFileType = sourcecode.c.objc; path = LoginViewController.m; sourceTree = "<group>"; };
		267BBF4420D92B330005AE5A /* RegistViewController.h */ = {isa = PBXFileReference; lastKnownFileType = sourcecode.c.h; path = RegistViewController.h; sourceTree = "<group>"; };
		267BBF4520D92B330005AE5A /* RegistViewController.m */ = {isa = PBXFileReference; lastKnownFileType = sourcecode.c.objc; path = RegistViewController.m; sourceTree = "<group>"; };
		267BBF4720D92B450005AE5A /* FogotViewController.h */ = {isa = PBXFileReference; lastKnownFileType = sourcecode.c.h; path = FogotViewController.h; sourceTree = "<group>"; };
		267BBF4820D92B450005AE5A /* FogotViewController.m */ = {isa = PBXFileReference; lastKnownFileType = sourcecode.c.objc; path = FogotViewController.m; sourceTree = "<group>"; };
		267BBF4A20D93D4D0005AE5A /* PubulicObj.h */ = {isa = PBXFileReference; fileEncoding = 4; lastKnownFileType = sourcecode.c.h; path = PubulicObj.h; sourceTree = "<group>"; };
		267BBF4B20D93D4D0005AE5A /* PubulicObj.m */ = {isa = PBXFileReference; fileEncoding = 4; lastKnownFileType = sourcecode.c.objc; path = PubulicObj.m; sourceTree = "<group>"; };
		267BBF4D20D941D20005AE5A /* FogotSecondViewController.h */ = {isa = PBXFileReference; lastKnownFileType = sourcecode.c.h; path = FogotSecondViewController.h; sourceTree = "<group>"; };
		267BBF4E20D941D20005AE5A /* FogotSecondViewController.m */ = {isa = PBXFileReference; lastKnownFileType = sourcecode.c.objc; path = FogotSecondViewController.m; sourceTree = "<group>"; };
		267BBF5220DA7D4F0005AE5A /* ThirdPartyLandedView.h */ = {isa = PBXFileReference; lastKnownFileType = sourcecode.c.h; path = ThirdPartyLandedView.h; sourceTree = "<group>"; };
		267BBF5320DA7D4F0005AE5A /* ThirdPartyLandedView.m */ = {isa = PBXFileReference; lastKnownFileType = sourcecode.c.objc; path = ThirdPartyLandedView.m; sourceTree = "<group>"; };
		267BBF5520DA840A0005AE5A /* HomePageViewController.h */ = {isa = PBXFileReference; lastKnownFileType = sourcecode.c.h; path = HomePageViewController.h; sourceTree = "<group>"; };
		267BBF5620DA840A0005AE5A /* HomePageViewController.m */ = {isa = PBXFileReference; lastKnownFileType = sourcecode.c.objc; path = HomePageViewController.m; sourceTree = "<group>"; };
		267BBF5820DA89A10005AE5A /* HomePageNavView.h */ = {isa = PBXFileReference; lastKnownFileType = sourcecode.c.h; path = HomePageNavView.h; sourceTree = "<group>"; };
		267BBF5920DA89A10005AE5A /* HomePageNavView.m */ = {isa = PBXFileReference; lastKnownFileType = sourcecode.c.objc; path = HomePageNavView.m; sourceTree = "<group>"; };
		267BBF5B20DA912E0005AE5A /* HomePageSectionZeroCell.h */ = {isa = PBXFileReference; lastKnownFileType = sourcecode.c.h; path = HomePageSectionZeroCell.h; sourceTree = "<group>"; };
		267BBF5C20DA912E0005AE5A /* HomePageSectionZeroCell.m */ = {isa = PBXFileReference; lastKnownFileType = sourcecode.c.objc; path = HomePageSectionZeroCell.m; sourceTree = "<group>"; };
		267BBF5E20DA99460005AE5A /* HomePageSectionOneCell.h */ = {isa = PBXFileReference; lastKnownFileType = sourcecode.c.h; path = HomePageSectionOneCell.h; sourceTree = "<group>"; };
		267BBF5F20DA99460005AE5A /* HomePageSectionOneCell.m */ = {isa = PBXFileReference; lastKnownFileType = sourcecode.c.objc; path = HomePageSectionOneCell.m; sourceTree = "<group>"; };
		267BBF6120DA9FC20005AE5A /* HomePageSecitonThreeCell.h */ = {isa = PBXFileReference; lastKnownFileType = sourcecode.c.h; path = HomePageSecitonThreeCell.h; sourceTree = "<group>"; };
		267BBF6220DA9FC20005AE5A /* HomePageSecitonThreeCell.m */ = {isa = PBXFileReference; lastKnownFileType = sourcecode.c.objc; path = HomePageSecitonThreeCell.m; sourceTree = "<group>"; };
		267BBF6420DAA1D30005AE5A /* HomePageSectionOneheader.h */ = {isa = PBXFileReference; lastKnownFileType = sourcecode.c.h; path = HomePageSectionOneheader.h; sourceTree = "<group>"; };
		267BBF6520DAA1D30005AE5A /* HomePageSectionOneheader.m */ = {isa = PBXFileReference; lastKnownFileType = sourcecode.c.objc; path = HomePageSectionOneheader.m; sourceTree = "<group>"; };
		267BBF6720DAA1F50005AE5A /* HomePageSectionTowheader.h */ = {isa = PBXFileReference; lastKnownFileType = sourcecode.c.h; path = HomePageSectionTowheader.h; sourceTree = "<group>"; };
		267BBF6820DAA1F50005AE5A /* HomePageSectionTowheader.m */ = {isa = PBXFileReference; lastKnownFileType = sourcecode.c.objc; path = HomePageSectionTowheader.m; sourceTree = "<group>"; };
		267BBF6A20DAAEE60005AE5A /* LeftViewController.h */ = {isa = PBXFileReference; lastKnownFileType = sourcecode.c.h; path = LeftViewController.h; sourceTree = "<group>"; };
		267BBF6B20DAAEE60005AE5A /* LeftViewController.m */ = {isa = PBXFileReference; lastKnownFileType = sourcecode.c.objc; path = LeftViewController.m; sourceTree = "<group>"; };
		267BBF6D20DAB2060005AE5A /* LeftViewHeader.h */ = {isa = PBXFileReference; lastKnownFileType = sourcecode.c.h; path = LeftViewHeader.h; sourceTree = "<group>"; };
		267BBF6E20DAB2060005AE5A /* LeftViewHeader.m */ = {isa = PBXFileReference; lastKnownFileType = sourcecode.c.objc; path = LeftViewHeader.m; sourceTree = "<group>"; };
		267BBF7320DAB9090005AE5A /* CollectionShopViewController.h */ = {isa = PBXFileReference; lastKnownFileType = sourcecode.c.h; path = CollectionShopViewController.h; sourceTree = "<group>"; };
		267BBF7420DAB9090005AE5A /* CollectionShopViewController.m */ = {isa = PBXFileReference; lastKnownFileType = sourcecode.c.objc; path = CollectionShopViewController.m; sourceTree = "<group>"; };
		267BBF7620DBDFA50005AE5A /* NavHeader.h */ = {isa = PBXFileReference; lastKnownFileType = sourcecode.c.h; path = NavHeader.h; sourceTree = "<group>"; };
		267BBF7720DBDFA50005AE5A /* NavHeader.m */ = {isa = PBXFileReference; lastKnownFileType = sourcecode.c.objc; path = NavHeader.m; sourceTree = "<group>"; };
		267BBF7920DBEA8E0005AE5A /* CollectionShopUneditCell.h */ = {isa = PBXFileReference; lastKnownFileType = sourcecode.c.h; path = CollectionShopUneditCell.h; sourceTree = "<group>"; };
		267BBF7A20DBEA8E0005AE5A /* CollectionShopUneditCell.m */ = {isa = PBXFileReference; lastKnownFileType = sourcecode.c.objc; path = CollectionShopUneditCell.m; sourceTree = "<group>"; };
		267BBF7C20DBF4930005AE5A /* CollectionShopEditCell.h */ = {isa = PBXFileReference; lastKnownFileType = sourcecode.c.h; path = CollectionShopEditCell.h; sourceTree = "<group>"; };
		267BBF7D20DBF4930005AE5A /* CollectionShopEditCell.m */ = {isa = PBXFileReference; lastKnownFileType = sourcecode.c.objc; path = CollectionShopEditCell.m; sourceTree = "<group>"; };
		267BBF7F20DBFC9E0005AE5A /* CommentCell.h */ = {isa = PBXFileReference; lastKnownFileType = sourcecode.c.h; path = CommentCell.h; sourceTree = "<group>"; };
		267BBF8020DBFC9E0005AE5A /* CommentCell.m */ = {isa = PBXFileReference; lastKnownFileType = sourcecode.c.objc; path = CommentCell.m; sourceTree = "<group>"; };
		2682073320F2613A00DE7FE0 /* HomePageSectionOneModel.h */ = {isa = PBXFileReference; lastKnownFileType = sourcecode.c.h; path = HomePageSectionOneModel.h; sourceTree = "<group>"; };
		2682073420F2613A00DE7FE0 /* HomePageSectionOneModel.m */ = {isa = PBXFileReference; lastKnownFileType = sourcecode.c.objc; path = HomePageSectionOneModel.m; sourceTree = "<group>"; };
		2682073620F261EA00DE7FE0 /* HomePageSectionTowModel.h */ = {isa = PBXFileReference; lastKnownFileType = sourcecode.c.h; path = HomePageSectionTowModel.h; sourceTree = "<group>"; };
		2682073720F261EA00DE7FE0 /* HomePageSectionTowModel.m */ = {isa = PBXFileReference; lastKnownFileType = sourcecode.c.objc; path = HomePageSectionTowModel.m; sourceTree = "<group>"; };
		2682073920F3A5F100DE7FE0 /* SearchResultFooter.h */ = {isa = PBXFileReference; lastKnownFileType = sourcecode.c.h; path = SearchResultFooter.h; sourceTree = "<group>"; };
		2682073A20F3A5F100DE7FE0 /* SearchResultFooter.m */ = {isa = PBXFileReference; lastKnownFileType = sourcecode.c.objc; path = SearchResultFooter.m; sourceTree = "<group>"; };
		26904EB320E78A2200084B5F /* HomePageMapViewController.h */ = {isa = PBXFileReference; lastKnownFileType = sourcecode.c.h; path = HomePageMapViewController.h; sourceTree = "<group>"; };
		26904EB420E78A2200084B5F /* HomePageMapViewController.m */ = {isa = PBXFileReference; lastKnownFileType = sourcecode.c.objc; path = HomePageMapViewController.m; sourceTree = "<group>"; };
		26904EB620E78CD000084B5F /* YNSFunctionBar.h */ = {isa = PBXFileReference; lastKnownFileType = sourcecode.c.h; path = YNSFunctionBar.h; sourceTree = "<group>"; };
		26904EB720E78CD000084B5F /* YNSFunctionBar.m */ = {isa = PBXFileReference; lastKnownFileType = sourcecode.c.objc; path = YNSFunctionBar.m; sourceTree = "<group>"; };
		26A608C420E1251300B677FF /* ChangePasswordViewController.h */ = {isa = PBXFileReference; lastKnownFileType = sourcecode.c.h; path = ChangePasswordViewController.h; sourceTree = "<group>"; };
		26A608C520E1251300B677FF /* ChangePasswordViewController.m */ = {isa = PBXFileReference; lastKnownFileType = sourcecode.c.objc; path = ChangePasswordViewController.m; sourceTree = "<group>"; };
		2BF73FC6E901B989D43D34C9 /* libPods-GoogleMapProject.a */ = {isa = PBXFileReference; explicitFileType = archive.ar; includeInIndex = 0; path = "libPods-GoogleMapProject.a"; sourceTree = BUILT_PRODUCTS_DIR; };
		764BAFDF28E3445530AD6A69 /* Pods-GoogleMapProject.debug.xcconfig */ = {isa = PBXFileReference; includeInIndex = 1; lastKnownFileType = text.xcconfig; name = "Pods-GoogleMapProject.debug.xcconfig"; path = "Pods/Target Support Files/Pods-GoogleMapProject/Pods-GoogleMapProject.debug.xcconfig"; sourceTree = "<group>"; };
		962BF1968C3B249CC9293335 /* Pods-GoogleMapProject.release.xcconfig */ = {isa = PBXFileReference; includeInIndex = 1; lastKnownFileType = text.xcconfig; name = "Pods-GoogleMapProject.release.xcconfig"; path = "Pods/Target Support Files/Pods-GoogleMapProject/Pods-GoogleMapProject.release.xcconfig"; sourceTree = "<group>"; };
		C908C6DF20F3443E0090E2B1 /* MapBottomModel.h */ = {isa = PBXFileReference; lastKnownFileType = sourcecode.c.h; path = MapBottomModel.h; sourceTree = "<group>"; };
		C908C6E020F3443E0090E2B1 /* MapBottomModel.m */ = {isa = PBXFileReference; lastKnownFileType = sourcecode.c.objc; path = MapBottomModel.m; sourceTree = "<group>"; };
		C908C6E220F355B20090E2B1 /* CustomMarker.h */ = {isa = PBXFileReference; lastKnownFileType = sourcecode.c.h; path = CustomMarker.h; sourceTree = "<group>"; };
		C908C6E320F355B20090E2B1 /* CustomMarker.m */ = {isa = PBXFileReference; lastKnownFileType = sourcecode.c.objc; path = CustomMarker.m; sourceTree = "<group>"; };
		C908C6E520F483280090E2B1 /* SearchResultModel.h */ = {isa = PBXFileReference; lastKnownFileType = sourcecode.c.h; path = SearchResultModel.h; sourceTree = "<group>"; };
		C908C6E620F483280090E2B1 /* SearchResultModel.m */ = {isa = PBXFileReference; lastKnownFileType = sourcecode.c.objc; path = SearchResultModel.m; sourceTree = "<group>"; };
		C938504320EC9F85007AF5A7 /* YFScrollView.m */ = {isa = PBXFileReference; fileEncoding = 4; lastKnownFileType = sourcecode.c.objc; path = YFScrollView.m; sourceTree = "<group>"; };
		C938504420EC9F85007AF5A7 /* YFScrollView.h */ = {isa = PBXFileReference; fileEncoding = 4; lastKnownFileType = sourcecode.c.h; path = YFScrollView.h; sourceTree = "<group>"; };
		C938504520EC9F85007AF5A7 /* YFScaleScrollViewView.h */ = {isa = PBXFileReference; fileEncoding = 4; lastKnownFileType = sourcecode.c.h; path = YFScaleScrollViewView.h; sourceTree = "<group>"; };
		C938504620EC9F85007AF5A7 /* YFScaleScrollViewView.m */ = {isa = PBXFileReference; fileEncoding = 4; lastKnownFileType = sourcecode.c.objc; path = YFScaleScrollViewView.m; sourceTree = "<group>"; };
		C938504920ECAD10007AF5A7 /* TestViewController.h */ = {isa = PBXFileReference; lastKnownFileType = sourcecode.c.h; path = TestViewController.h; sourceTree = "<group>"; };
		C938504A20ECAD10007AF5A7 /* TestViewController.m */ = {isa = PBXFileReference; lastKnownFileType = sourcecode.c.objc; path = TestViewController.m; sourceTree = "<group>"; };
		C938504C20ECB44A007AF5A7 /* CustomBrowser.h */ = {isa = PBXFileReference; lastKnownFileType = sourcecode.c.h; path = CustomBrowser.h; sourceTree = "<group>"; };
		C938504D20ECB44A007AF5A7 /* CustomBrowser.m */ = {isa = PBXFileReference; lastKnownFileType = sourcecode.c.objc; path = CustomBrowser.m; sourceTree = "<group>"; };
		C938504F20EDA741007AF5A7 /* AFNetRequest.h */ = {isa = PBXFileReference; fileEncoding = 4; lastKnownFileType = sourcecode.c.h; path = AFNetRequest.h; sourceTree = "<group>"; };
		C938505020EDA741007AF5A7 /* AFNetRequest.m */ = {isa = PBXFileReference; fileEncoding = 4; lastKnownFileType = sourcecode.c.objc; path = AFNetRequest.m; sourceTree = "<group>"; };
		C938505220EDE24B007AF5A7 /* CollectionShopModel.h */ = {isa = PBXFileReference; lastKnownFileType = sourcecode.c.h; path = CollectionShopModel.h; sourceTree = "<group>"; };
		C938505320EDE24B007AF5A7 /* CollectionShopModel.m */ = {isa = PBXFileReference; lastKnownFileType = sourcecode.c.objc; path = CollectionShopModel.m; sourceTree = "<group>"; };
		C97712DF20DB4F2D007AE5F0 /* CommentViewController.h */ = {isa = PBXFileReference; lastKnownFileType = sourcecode.c.h; path = CommentViewController.h; sourceTree = "<group>"; };
		C97712E020DB4F2D007AE5F0 /* CommentViewController.m */ = {isa = PBXFileReference; lastKnownFileType = sourcecode.c.objc; path = CommentViewController.m; sourceTree = "<group>"; };
		C97712E520DB5046007AE5F0 /* BindingPhoneViewController.h */ = {isa = PBXFileReference; lastKnownFileType = sourcecode.c.h; path = BindingPhoneViewController.h; sourceTree = "<group>"; };
		C97712E620DB5046007AE5F0 /* BindingPhoneViewController.m */ = {isa = PBXFileReference; lastKnownFileType = sourcecode.c.objc; path = BindingPhoneViewController.m; sourceTree = "<group>"; };
		C97712E820DB5062007AE5F0 /* AboutUsViewController.h */ = {isa = PBXFileReference; lastKnownFileType = sourcecode.c.h; path = AboutUsViewController.h; sourceTree = "<group>"; };
		C97712E920DB5062007AE5F0 /* AboutUsViewController.m */ = {isa = PBXFileReference; lastKnownFileType = sourcecode.c.objc; path = AboutUsViewController.m; sourceTree = "<group>"; };
		C97712EB20DB5085007AE5F0 /* VersionInformationViewController.h */ = {isa = PBXFileReference; lastKnownFileType = sourcecode.c.h; path = VersionInformationViewController.h; sourceTree = "<group>"; };
		C97712EC20DB5085007AE5F0 /* VersionInformationViewController.m */ = {isa = PBXFileReference; lastKnownFileType = sourcecode.c.objc; path = VersionInformationViewController.m; sourceTree = "<group>"; };
		C97712FB20E09B4A007AE5F0 /* PersonDataController.h */ = {isa = PBXFileReference; lastKnownFileType = sourcecode.c.h; path = PersonDataController.h; sourceTree = "<group>"; };
		C97712FC20E09B4A007AE5F0 /* PersonDataController.m */ = {isa = PBXFileReference; lastKnownFileType = sourcecode.c.objc; path = PersonDataController.m; sourceTree = "<group>"; };
		C97712FE20E09F73007AE5F0 /* PersonImageCell.h */ = {isa = PBXFileReference; lastKnownFileType = sourcecode.c.h; path = PersonImageCell.h; sourceTree = "<group>"; };
		C97712FF20E09F73007AE5F0 /* PersonImageCell.m */ = {isa = PBXFileReference; lastKnownFileType = sourcecode.c.objc; path = PersonImageCell.m; sourceTree = "<group>"; };
		C977130120E0B768007AE5F0 /* PersonDataCell.h */ = {isa = PBXFileReference; lastKnownFileType = sourcecode.c.h; path = PersonDataCell.h; sourceTree = "<group>"; };
		C977130220E0B768007AE5F0 /* PersonDataCell.m */ = {isa = PBXFileReference; lastKnownFileType = sourcecode.c.objc; path = PersonDataCell.m; sourceTree = "<group>"; };
		C977130420E0DF69007AE5F0 /* ChangePersonNameViewController.h */ = {isa = PBXFileReference; lastKnownFileType = sourcecode.c.h; path = ChangePersonNameViewController.h; sourceTree = "<group>"; };
		C977130520E0DF69007AE5F0 /* ChangePersonNameViewController.m */ = {isa = PBXFileReference; lastKnownFileType = sourcecode.c.objc; path = ChangePersonNameViewController.m; sourceTree = "<group>"; };
		C977130720E0E93F007AE5F0 /* ChangeSexViewController.h */ = {isa = PBXFileReference; lastKnownFileType = sourcecode.c.h; path = ChangeSexViewController.h; sourceTree = "<group>"; };
		C977130820E0E93F007AE5F0 /* ChangeSexViewController.m */ = {isa = PBXFileReference; lastKnownFileType = sourcecode.c.objc; path = ChangeSexViewController.m; sourceTree = "<group>"; };
		C977130A20E0EFAC007AE5F0 /* ChangeTelphoneNumViewController.h */ = {isa = PBXFileReference; lastKnownFileType = sourcecode.c.h; path = ChangeTelphoneNumViewController.h; sourceTree = "<group>"; };
		C977130B20E0EFAC007AE5F0 /* ChangeTelphoneNumViewController.m */ = {isa = PBXFileReference; lastKnownFileType = sourcecode.c.objc; path = ChangeTelphoneNumViewController.m; sourceTree = "<group>"; };
		C977130D20E1D28B007AE5F0 /* FilterView.h */ = {isa = PBXFileReference; lastKnownFileType = sourcecode.c.h; path = FilterView.h; sourceTree = "<group>"; };
		C977130E20E1D28B007AE5F0 /* FilterView.m */ = {isa = PBXFileReference; lastKnownFileType = sourcecode.c.objc; path = FilterView.m; sourceTree = "<group>"; };
		C977131020E1DFD9007AE5F0 /* FilterHeader.h */ = {isa = PBXFileReference; lastKnownFileType = sourcecode.c.h; path = FilterHeader.h; sourceTree = "<group>"; };
		C977131120E1DFD9007AE5F0 /* FilterHeader.m */ = {isa = PBXFileReference; lastKnownFileType = sourcecode.c.objc; path = FilterHeader.m; sourceTree = "<group>"; };
		C977131420E1EECC007AE5F0 /* FilterHeaderModel.h */ = {isa = PBXFileReference; lastKnownFileType = sourcecode.c.h; path = FilterHeaderModel.h; sourceTree = "<group>"; };
		C977131520E1EECC007AE5F0 /* FilterHeaderModel.m */ = {isa = PBXFileReference; lastKnownFileType = sourcecode.c.objc; path = FilterHeaderModel.m; sourceTree = "<group>"; };
		C977131720E1EF42007AE5F0 /* FilterItem.h */ = {isa = PBXFileReference; lastKnownFileType = sourcecode.c.h; path = FilterItem.h; sourceTree = "<group>"; };
		C977131820E1EF42007AE5F0 /* FilterItem.m */ = {isa = PBXFileReference; lastKnownFileType = sourcecode.c.objc; path = FilterItem.m; sourceTree = "<group>"; };
		C977131A20E1F845007AE5F0 /* CustomBut.h */ = {isa = PBXFileReference; lastKnownFileType = sourcecode.c.h; path = CustomBut.h; sourceTree = "<group>"; };
		C977131B20E1F845007AE5F0 /* CustomBut.m */ = {isa = PBXFileReference; lastKnownFileType = sourcecode.c.objc; path = CustomBut.m; sourceTree = "<group>"; };
		C977131D20E1F87E007AE5F0 /* FilterCell.h */ = {isa = PBXFileReference; lastKnownFileType = sourcecode.c.h; path = FilterCell.h; sourceTree = "<group>"; };
		C977131E20E1F87E007AE5F0 /* FilterCell.m */ = {isa = PBXFileReference; lastKnownFileType = sourcecode.c.objc; path = FilterCell.m; sourceTree = "<group>"; };
		C977132020E20688007AE5F0 /* HomePageListViewController.h */ = {isa = PBXFileReference; lastKnownFileType = sourcecode.c.h; path = HomePageListViewController.h; sourceTree = "<group>"; };
		C977132120E20688007AE5F0 /* HomePageListViewController.m */ = {isa = PBXFileReference; lastKnownFileType = sourcecode.c.objc; path = HomePageListViewController.m; sourceTree = "<group>"; };
		C977132320E212FB007AE5F0 /* ShopInfoViewController.h */ = {isa = PBXFileReference; lastKnownFileType = sourcecode.c.h; path = ShopInfoViewController.h; sourceTree = "<group>"; };
		C977132420E212FB007AE5F0 /* ShopInfoViewController.m */ = {isa = PBXFileReference; lastKnownFileType = sourcecode.c.objc; path = ShopInfoViewController.m; sourceTree = "<group>"; };
		C977132620E214F7007AE5F0 /* ShopInfoTableViewCell.h */ = {isa = PBXFileReference; lastKnownFileType = sourcecode.c.h; path = ShopInfoTableViewCell.h; sourceTree = "<group>"; };
		C977132720E214F7007AE5F0 /* ShopInfoTableViewCell.m */ = {isa = PBXFileReference; lastKnownFileType = sourcecode.c.objc; path = ShopInfoTableViewCell.m; sourceTree = "<group>"; };
		C977132C20E23249007AE5F0 /* ShopInfoCommentTableViewCell.h */ = {isa = PBXFileReference; lastKnownFileType = sourcecode.c.h; path = ShopInfoCommentTableViewCell.h; sourceTree = "<group>"; };
		C977132D20E23249007AE5F0 /* ShopInfoCommentTableViewCell.m */ = {isa = PBXFileReference; lastKnownFileType = sourcecode.c.objc; path = ShopInfoCommentTableViewCell.m; sourceTree = "<group>"; };
		C977132F20E23BAF007AE5F0 /* ShopInfoFooter.h */ = {isa = PBXFileReference; lastKnownFileType = sourcecode.c.h; path = ShopInfoFooter.h; sourceTree = "<group>"; };
		C977133020E23BAF007AE5F0 /* ShopInfoFooter.m */ = {isa = PBXFileReference; lastKnownFileType = sourcecode.c.objc; path = ShopInfoFooter.m; sourceTree = "<group>"; };
		C977133220E23FD4007AE5F0 /* ShopInfoNavBar.h */ = {isa = PBXFileReference; lastKnownFileType = sourcecode.c.h; path = ShopInfoNavBar.h; sourceTree = "<group>"; };
		C977133320E23FD4007AE5F0 /* ShopInfoNavBar.m */ = {isa = PBXFileReference; lastKnownFileType = sourcecode.c.objc; path = ShopInfoNavBar.m; sourceTree = "<group>"; };
		C977133520E31FFD007AE5F0 /* CWStarRateView.m */ = {isa = PBXFileReference; fileEncoding = 4; lastKnownFileType = sourcecode.c.objc; path = CWStarRateView.m; sourceTree = "<group>"; };
		C977133620E31FFD007AE5F0 /* CWStarRateView.h */ = {isa = PBXFileReference; fileEncoding = 4; lastKnownFileType = sourcecode.c.h; path = CWStarRateView.h; sourceTree = "<group>"; };
		C977133820E32217007AE5F0 /* ShopCommentViewController.h */ = {isa = PBXFileReference; lastKnownFileType = sourcecode.c.h; path = ShopCommentViewController.h; sourceTree = "<group>"; };
		C977133920E32217007AE5F0 /* ShopCommentViewController.m */ = {isa = PBXFileReference; lastKnownFileType = sourcecode.c.objc; path = ShopCommentViewController.m; sourceTree = "<group>"; };
		C977133B20E32326007AE5F0 /* ShopCommentNavBar.h */ = {isa = PBXFileReference; lastKnownFileType = sourcecode.c.h; path = ShopCommentNavBar.h; sourceTree = "<group>"; };
		C977133C20E32326007AE5F0 /* ShopCommentNavBar.m */ = {isa = PBXFileReference; lastKnownFileType = sourcecode.c.objc; path = ShopCommentNavBar.m; sourceTree = "<group>"; };
		C977133E20E32820007AE5F0 /* ShopCommentSectionZeroHeader.h */ = {isa = PBXFileReference; lastKnownFileType = sourcecode.c.h; path = ShopCommentSectionZeroHeader.h; sourceTree = "<group>"; };
		C977133F20E32820007AE5F0 /* ShopCommentSectionZeroHeader.m */ = {isa = PBXFileReference; lastKnownFileType = sourcecode.c.objc; path = ShopCommentSectionZeroHeader.m; sourceTree = "<group>"; };
		C977134120E33129007AE5F0 /* ShopCommentSectionZeroCell.h */ = {isa = PBXFileReference; lastKnownFileType = sourcecode.c.h; path = ShopCommentSectionZeroCell.h; sourceTree = "<group>"; };
		C977134220E33129007AE5F0 /* ShopCommentSectionZeroCell.m */ = {isa = PBXFileReference; lastKnownFileType = sourcecode.c.objc; path = ShopCommentSectionZeroCell.m; sourceTree = "<group>"; };
		C977134420E3392F007AE5F0 /* ShopCommentSectionOneCell.h */ = {isa = PBXFileReference; lastKnownFileType = sourcecode.c.h; path = ShopCommentSectionOneCell.h; sourceTree = "<group>"; };
		C977134520E3392F007AE5F0 /* ShopCommentSectionOneCell.m */ = {isa = PBXFileReference; lastKnownFileType = sourcecode.c.objc; path = ShopCommentSectionOneCell.m; sourceTree = "<group>"; };
		C977134720E33BCB007AE5F0 /* ShopCommentSectionThreeCell.h */ = {isa = PBXFileReference; lastKnownFileType = sourcecode.c.h; path = ShopCommentSectionThreeCell.h; sourceTree = "<group>"; };
		C977134820E33BCB007AE5F0 /* ShopCommentSectionThreeCell.m */ = {isa = PBXFileReference; lastKnownFileType = sourcecode.c.objc; path = ShopCommentSectionThreeCell.m; sourceTree = "<group>"; };
		C977137A20E358AD007AE5F0 /* CustomAccount.h */ = {isa = PBXFileReference; lastKnownFileType = sourcecode.c.h; path = CustomAccount.h; sourceTree = "<group>"; };
		C977137B20E358AD007AE5F0 /* CustomAccount.m */ = {isa = PBXFileReference; lastKnownFileType = sourcecode.c.objc; path = CustomAccount.m; sourceTree = "<group>"; };
		C977137D20E37913007AE5F0 /* FiterOtherCell.h */ = {isa = PBXFileReference; lastKnownFileType = sourcecode.c.h; path = FiterOtherCell.h; sourceTree = "<group>"; };
		C977137E20E37913007AE5F0 /* FiterOtherCell.m */ = {isa = PBXFileReference; lastKnownFileType = sourcecode.c.objc; path = FiterOtherCell.m; sourceTree = "<group>"; };
		C977138020E475ED007AE5F0 /* FirstViewController.h */ = {isa = PBXFileReference; lastKnownFileType = sourcecode.c.h; path = FirstViewController.h; sourceTree = "<group>"; };
		C977138120E475ED007AE5F0 /* FirstViewController.m */ = {isa = PBXFileReference; lastKnownFileType = sourcecode.c.objc; path = FirstViewController.m; sourceTree = "<group>"; };
		C977138620E47DF3007AE5F0 /* CustormAlertView.h */ = {isa = PBXFileReference; lastKnownFileType = sourcecode.c.h; path = CustormAlertView.h; sourceTree = "<group>"; };
		C977138720E47DF3007AE5F0 /* CustormAlertView.m */ = {isa = PBXFileReference; lastKnownFileType = sourcecode.c.objc; path = CustormAlertView.m; sourceTree = "<group>"; };
		C977138920E4B854007AE5F0 /* SearchResultViewController.h */ = {isa = PBXFileReference; lastKnownFileType = sourcecode.c.h; path = SearchResultViewController.h; sourceTree = "<group>"; };
		C977138A20E4B854007AE5F0 /* SearchResultViewController.m */ = {isa = PBXFileReference; lastKnownFileType = sourcecode.c.objc; path = SearchResultViewController.m; sourceTree = "<group>"; };
		C977138C20E4BE35007AE5F0 /* SearchResultHeader.h */ = {isa = PBXFileReference; lastKnownFileType = sourcecode.c.h; path = SearchResultHeader.h; sourceTree = "<group>"; };
		C977138D20E4BE35007AE5F0 /* SearchResultHeader.m */ = {isa = PBXFileReference; lastKnownFileType = sourcecode.c.objc; path = SearchResultHeader.m; sourceTree = "<group>"; };
		C977138F20E4BFF0007AE5F0 /* SearchResultSectionZeroCell.h */ = {isa = PBXFileReference; lastKnownFileType = sourcecode.c.h; path = SearchResultSectionZeroCell.h; sourceTree = "<group>"; };
		C977139020E4BFF0007AE5F0 /* SearchResultSectionZeroCell.m */ = {isa = PBXFileReference; lastKnownFileType = sourcecode.c.objc; path = SearchResultSectionZeroCell.m; sourceTree = "<group>"; };
		C977139220E4C1B1007AE5F0 /* SearchResultSectionOneCell.h */ = {isa = PBXFileReference; lastKnownFileType = sourcecode.c.h; path = SearchResultSectionOneCell.h; sourceTree = "<group>"; };
		C977139320E4C1B1007AE5F0 /* SearchResultSectionOneCell.m */ = {isa = PBXFileReference; lastKnownFileType = sourcecode.c.objc; path = SearchResultSectionOneCell.m; sourceTree = "<group>"; };
/* End PBXFileReference section */

/* Begin PBXFrameworksBuildPhase section */
		26196CB020C55C6E0097D72D /* Frameworks */ = {
			isa = PBXFrameworksBuildPhase;
			buildActionMask = 2147483647;
			files = (
				F4FF636EA87F22A1DB12DE83 /* libPods-GoogleMapProject.a in Frameworks */,
			);
			runOnlyForDeploymentPostprocessing = 0;
		};
/* End PBXFrameworksBuildPhase section */

/* Begin PBXGroup section */
		26196CAA20C55C6E0097D72D = {
			isa = PBXGroup;
			children = (
				26196CB520C55C6E0097D72D /* GoogleMapProject */,
				26196CB420C55C6E0097D72D /* Products */,
				D9AA7F0C19CCA884D174764A /* Pods */,
				36C17E1C82DA2D1DEE6CD9A5 /* Frameworks */,
			);
			sourceTree = "<group>";
		};
		26196CB420C55C6E0097D72D /* Products */ = {
			isa = PBXGroup;
			children = (
				26196CB320C55C6E0097D72D /* GoogleMapProject.app */,
			);
			name = Products;
			sourceTree = "<group>";
		};
		26196CB520C55C6E0097D72D /* GoogleMapProject */ = {
			isa = PBXGroup;
			children = (
				C938504220EC9F61007AF5A7 /* Public */,
				C977131320E1EEA9007AE5F0 /* Model */,
				C97712F720E09AF8007AE5F0 /* PersonData */,
				267BBF5120DA7CF50005AE5A /* View */,
				26196CB620C55C6E0097D72D /* AppDelegate.h */,
				26196CB720C55C6E0097D72D /* AppDelegate.m */,
				C938504920ECAD10007AF5A7 /* TestViewController.h */,
				C938504A20ECAD10007AF5A7 /* TestViewController.m */,
				C938504C20ECB44A007AF5A7 /* CustomBrowser.h */,
				C938504D20ECB44A007AF5A7 /* CustomBrowser.m */,
				C977138020E475ED007AE5F0 /* FirstViewController.h */,
				C977138120E475ED007AE5F0 /* FirstViewController.m */,
				26196CB920C55C6E0097D72D /* ViewController.h */,
				26196CBA20C55C6E0097D72D /* ViewController.m */,
				26904EB320E78A2200084B5F /* HomePageMapViewController.h */,
				26904EB420E78A2200084B5F /* HomePageMapViewController.m */,
				26904EB620E78CD000084B5F /* YNSFunctionBar.h */,
				26904EB720E78CD000084B5F /* YNSFunctionBar.m */,
				260C46CD20CD5841008952B4 /* BottomView.h */,
				260C46CE20CD5841008952B4 /* BottomView.m */,
				260C46D020CD6736008952B4 /* TopView.h */,
				260C46D120CD6736008952B4 /* TopView.m */,
				C977137A20E358AD007AE5F0 /* CustomAccount.h */,
				C977137B20E358AD007AE5F0 /* CustomAccount.m */,
				26196CBC20C55C6E0097D72D /* Main.storyboard */,
				26196CC220C55C6F0097D72D /* Assets.xcassets */,
				267BBF4A20D93D4D0005AE5A /* PubulicObj.h */,
				267BBF4B20D93D4D0005AE5A /* PubulicObj.m */,
				265F8D1220EBA9FF00620F3E /* KNLocationConverter.h */,
				265F8D1320EBA9FF00620F3E /* KNLocationConverter.m */,
				C977133620E31FFD007AE5F0 /* CWStarRateView.h */,
				C977133520E31FFD007AE5F0 /* CWStarRateView.m */,
				26196CC420C55C6F0097D72D /* LaunchScreen.storyboard */,
				26196CC720C55C6F0097D72D /* Info.plist */,
				26196CC820C55C6F0097D72D /* main.m */,
				26196CBF20C55C6E0097D72D /* GoogleMapProject.xcdatamodeld */,
				260C46CC20CD5715008952B4 /* PrefixHeader.pch */,
				267BBF4120D913760005AE5A /* LoginViewController.h */,
				267BBF4220D913760005AE5A /* LoginViewController.m */,
				267BBF4420D92B330005AE5A /* RegistViewController.h */,
				267BBF4520D92B330005AE5A /* RegistViewController.m */,
				265F8D1B20EE5C9B00620F3E /* RegistSecondViewController.h */,
				265F8D1C20EE5C9B00620F3E /* RegistSecondViewController.m */,
				267BBF4720D92B450005AE5A /* FogotViewController.h */,
				267BBF4820D92B450005AE5A /* FogotViewController.m */,
				267BBF4D20D941D20005AE5A /* FogotSecondViewController.h */,
				267BBF4E20D941D20005AE5A /* FogotSecondViewController.m */,
				267BBF5520DA840A0005AE5A /* HomePageViewController.h */,
				267BBF5620DA840A0005AE5A /* HomePageViewController.m */,
				C977132020E20688007AE5F0 /* HomePageListViewController.h */,
				C977132120E20688007AE5F0 /* HomePageListViewController.m */,
				267BBF6A20DAAEE60005AE5A /* LeftViewController.h */,
				267BBF6B20DAAEE60005AE5A /* LeftViewController.m */,
				267BBF7320DAB9090005AE5A /* CollectionShopViewController.h */,
				267BBF7420DAB9090005AE5A /* CollectionShopViewController.m */,
				C97712DF20DB4F2D007AE5F0 /* CommentViewController.h */,
				C97712E020DB4F2D007AE5F0 /* CommentViewController.m */,
				C97712E520DB5046007AE5F0 /* BindingPhoneViewController.h */,
				C97712E620DB5046007AE5F0 /* BindingPhoneViewController.m */,
				C97712E820DB5062007AE5F0 /* AboutUsViewController.h */,
				C97712E920DB5062007AE5F0 /* AboutUsViewController.m */,
				C97712EB20DB5085007AE5F0 /* VersionInformationViewController.h */,
				C97712EC20DB5085007AE5F0 /* VersionInformationViewController.m */,
				C977132320E212FB007AE5F0 /* ShopInfoViewController.h */,
				C977132420E212FB007AE5F0 /* ShopInfoViewController.m */,
				C977133820E32217007AE5F0 /* ShopCommentViewController.h */,
				C977133920E32217007AE5F0 /* ShopCommentViewController.m */,
				265F8D1520EBC29600620F3E /* SearchKeyViewController.h */,
				265F8D1620EBC29600620F3E /* SearchKeyViewController.m */,
				C977138920E4B854007AE5F0 /* SearchResultViewController.h */,
				C977138A20E4B854007AE5F0 /* SearchResultViewController.m */,
			);
			path = GoogleMapProject;
			sourceTree = "<group>";
		};
		267BBF5120DA7CF50005AE5A /* View */ = {
			isa = PBXGroup;
			children = (
				267BBF5220DA7D4F0005AE5A /* ThirdPartyLandedView.h */,
				267BBF5320DA7D4F0005AE5A /* ThirdPartyLandedView.m */,
				267BBF5820DA89A10005AE5A /* HomePageNavView.h */,
				267BBF5920DA89A10005AE5A /* HomePageNavView.m */,
				267BBF5B20DA912E0005AE5A /* HomePageSectionZeroCell.h */,
				2636ACA020F635BE00FBDDC5 /* HomePageSectionZeroTypeTowCell.h */,
				2636ACA120F635BE00FBDDC5 /* HomePageSectionZeroTypeTowCell.m */,
				267BBF5C20DA912E0005AE5A /* HomePageSectionZeroCell.m */,
				267BBF5E20DA99460005AE5A /* HomePageSectionOneCell.h */,
				267BBF5F20DA99460005AE5A /* HomePageSectionOneCell.m */,
				267BBF6120DA9FC20005AE5A /* HomePageSecitonThreeCell.h */,
				267BBF6220DA9FC20005AE5A /* HomePageSecitonThreeCell.m */,
				267BBF6420DAA1D30005AE5A /* HomePageSectionOneheader.h */,
				267BBF6520DAA1D30005AE5A /* HomePageSectionOneheader.m */,
				267BBF6720DAA1F50005AE5A /* HomePageSectionTowheader.h */,
				267BBF6820DAA1F50005AE5A /* HomePageSectionTowheader.m */,
				267BBF6D20DAB2060005AE5A /* LeftViewHeader.h */,
				267BBF6E20DAB2060005AE5A /* LeftViewHeader.m */,
				267BBF7620DBDFA50005AE5A /* NavHeader.h */,
				267BBF7720DBDFA50005AE5A /* NavHeader.m */,
				267BBF7920DBEA8E0005AE5A /* CollectionShopUneditCell.h */,
				267BBF7A20DBEA8E0005AE5A /* CollectionShopUneditCell.m */,
				267BBF7C20DBF4930005AE5A /* CollectionShopEditCell.h */,
				267BBF7D20DBF4930005AE5A /* CollectionShopEditCell.m */,
				267BBF7F20DBFC9E0005AE5A /* CommentCell.h */,
				267BBF8020DBFC9E0005AE5A /* CommentCell.m */,
				C977130D20E1D28B007AE5F0 /* FilterView.h */,
				C977130E20E1D28B007AE5F0 /* FilterView.m */,
				C977131020E1DFD9007AE5F0 /* FilterHeader.h */,
				C977131120E1DFD9007AE5F0 /* FilterHeader.m */,
				C977131D20E1F87E007AE5F0 /* FilterCell.h */,
				C977131E20E1F87E007AE5F0 /* FilterCell.m */,
				C977137D20E37913007AE5F0 /* FiterOtherCell.h */,
				C977137E20E37913007AE5F0 /* FiterOtherCell.m */,
				C977131A20E1F845007AE5F0 /* CustomBut.h */,
				C977131B20E1F845007AE5F0 /* CustomBut.m */,
				C977132620E214F7007AE5F0 /* ShopInfoTableViewCell.h */,
				C977132720E214F7007AE5F0 /* ShopInfoTableViewCell.m */,
				C977132C20E23249007AE5F0 /* ShopInfoCommentTableViewCell.h */,
				C977132D20E23249007AE5F0 /* ShopInfoCommentTableViewCell.m */,
				C977132F20E23BAF007AE5F0 /* ShopInfoFooter.h */,
				C977133020E23BAF007AE5F0 /* ShopInfoFooter.m */,
				C977133220E23FD4007AE5F0 /* ShopInfoNavBar.h */,
				C977133320E23FD4007AE5F0 /* ShopInfoNavBar.m */,
				C977133B20E32326007AE5F0 /* ShopCommentNavBar.h */,
				C977133C20E32326007AE5F0 /* ShopCommentNavBar.m */,
				C977133E20E32820007AE5F0 /* ShopCommentSectionZeroHeader.h */,
				C977133F20E32820007AE5F0 /* ShopCommentSectionZeroHeader.m */,
				C977134120E33129007AE5F0 /* ShopCommentSectionZeroCell.h */,
				C977134220E33129007AE5F0 /* ShopCommentSectionZeroCell.m */,
				C977134420E3392F007AE5F0 /* ShopCommentSectionOneCell.h */,
				C977134520E3392F007AE5F0 /* ShopCommentSectionOneCell.m */,
				C977134720E33BCB007AE5F0 /* ShopCommentSectionThreeCell.h */,
				C977134820E33BCB007AE5F0 /* ShopCommentSectionThreeCell.m */,
				C977138620E47DF3007AE5F0 /* CustormAlertView.h */,
				C977138720E47DF3007AE5F0 /* CustormAlertView.m */,
				265F8D1820EBC8BA00620F3E /* SearchKeyNavVar.h */,
				265F8D1920EBC8BA00620F3E /* SearchKeyNavVar.m */,
				C977138C20E4BE35007AE5F0 /* SearchResultHeader.h */,
				C977138D20E4BE35007AE5F0 /* SearchResultHeader.m */,
				C977138F20E4BFF0007AE5F0 /* SearchResultSectionZeroCell.h */,
				C977139020E4BFF0007AE5F0 /* SearchResultSectionZeroCell.m */,
				C977139220E4C1B1007AE5F0 /* SearchResultSectionOneCell.h */,
				C977139320E4C1B1007AE5F0 /* SearchResultSectionOneCell.m */,
				2682073920F3A5F100DE7FE0 /* SearchResultFooter.h */,
				2682073A20F3A5F100DE7FE0 /* SearchResultFooter.m */,
			);
			path = View;
			sourceTree = "<group>";
		};
		36C17E1C82DA2D1DEE6CD9A5 /* Frameworks */ = {
			isa = PBXGroup;
			children = (
				2BF73FC6E901B989D43D34C9 /* libPods-GoogleMapProject.a */,
			);
			name = Frameworks;
			sourceTree = "<group>";
		};
		C938504220EC9F61007AF5A7 /* Public */ = {
			isa = PBXGroup;
			children = (
				C938504F20EDA741007AF5A7 /* AFNetRequest.h */,
				C938505020EDA741007AF5A7 /* AFNetRequest.m */,
				C938504520EC9F85007AF5A7 /* YFScaleScrollViewView.h */,
				C938504620EC9F85007AF5A7 /* YFScaleScrollViewView.m */,
				C938504420EC9F85007AF5A7 /* YFScrollView.h */,
				C938504320EC9F85007AF5A7 /* YFScrollView.m */,
			);
			path = Public;
			sourceTree = "<group>";
		};
		C97712F720E09AF8007AE5F0 /* PersonData */ = {
			isa = PBXGroup;
			children = (
				C97712FA20E09B23007AE5F0 /* Controller */,
				C97712F920E09B17007AE5F0 /* View */,
			);
			path = PersonData;
			sourceTree = "<group>";
		};
		C97712F920E09B17007AE5F0 /* View */ = {
			isa = PBXGroup;
			children = (
				C97712FE20E09F73007AE5F0 /* PersonImageCell.h */,
				C97712FF20E09F73007AE5F0 /* PersonImageCell.m */,
				C977130120E0B768007AE5F0 /* PersonDataCell.h */,
				C977130220E0B768007AE5F0 /* PersonDataCell.m */,
			);
			path = View;
			sourceTree = "<group>";
		};
		C97712FA20E09B23007AE5F0 /* Controller */ = {
			isa = PBXGroup;
			children = (
				C97712FB20E09B4A007AE5F0 /* PersonDataController.h */,
				C97712FC20E09B4A007AE5F0 /* PersonDataController.m */,
				C977130420E0DF69007AE5F0 /* ChangePersonNameViewController.h */,
				C977130520E0DF69007AE5F0 /* ChangePersonNameViewController.m */,
				C977130720E0E93F007AE5F0 /* ChangeSexViewController.h */,
				C977130820E0E93F007AE5F0 /* ChangeSexViewController.m */,
				C977130A20E0EFAC007AE5F0 /* ChangeTelphoneNumViewController.h */,
				C977130B20E0EFAC007AE5F0 /* ChangeTelphoneNumViewController.m */,
				26A608C420E1251300B677FF /* ChangePasswordViewController.h */,
				26A608C520E1251300B677FF /* ChangePasswordViewController.m */,
			);
			path = Controller;
			sourceTree = "<group>";
		};
		C977131320E1EEA9007AE5F0 /* Model */ = {
			isa = PBXGroup;
			children = (
				C977131420E1EECC007AE5F0 /* FilterHeaderModel.h */,
				C977131520E1EECC007AE5F0 /* FilterHeaderModel.m */,
				C977131720E1EF42007AE5F0 /* FilterItem.h */,
				C977131820E1EF42007AE5F0 /* FilterItem.m */,
				C938505220EDE24B007AF5A7 /* CollectionShopModel.h */,
				C938505320EDE24B007AF5A7 /* CollectionShopModel.m */,
				265F8D1E20EE69BE00620F3E /* CommentModel.h */,
				265F8D1F20EE69BE00620F3E /* CommentModel.m */,
				2682073320F2613A00DE7FE0 /* HomePageSectionOneModel.h */,
				2682073420F2613A00DE7FE0 /* HomePageSectionOneModel.m */,
				2682073620F261EA00DE7FE0 /* HomePageSectionTowModel.h */,
				2682073720F261EA00DE7FE0 /* HomePageSectionTowModel.m */,
				C908C6DF20F3443E0090E2B1 /* MapBottomModel.h */,
				C908C6E020F3443E0090E2B1 /* MapBottomModel.m */,
				C908C6E220F355B20090E2B1 /* CustomMarker.h */,
				C908C6E320F355B20090E2B1 /* CustomMarker.m */,
				C908C6E520F483280090E2B1 /* SearchResultModel.h */,
				C908C6E620F483280090E2B1 /* SearchResultModel.m */,
			);
			path = Model;
			sourceTree = "<group>";
		};
		D9AA7F0C19CCA884D174764A /* Pods */ = {
			isa = PBXGroup;
			children = (
				764BAFDF28E3445530AD6A69 /* Pods-GoogleMapProject.debug.xcconfig */,
				962BF1968C3B249CC9293335 /* Pods-GoogleMapProject.release.xcconfig */,
			);
			name = Pods;
			sourceTree = "<group>";
		};
/* End PBXGroup section */

/* Begin PBXNativeTarget section */
		26196CB220C55C6E0097D72D /* GoogleMapProject */ = {
			isa = PBXNativeTarget;
			buildConfigurationList = 26196CCC20C55C6F0097D72D /* Build configuration list for PBXNativeTarget "GoogleMapProject" */;
			buildPhases = (
				A7E56B8AF751FF42F8C5C8F2 /* [CP] Check Pods Manifest.lock */,
				26196CAF20C55C6E0097D72D /* Sources */,
				26196CB020C55C6E0097D72D /* Frameworks */,
				26196CB120C55C6E0097D72D /* Resources */,
				E63174958DDB3D3065139118 /* [CP] Copy Pods Resources */,
			);
			buildRules = (
			);
			dependencies = (
			);
			name = GoogleMapProject;
			productName = GoogleMapProject;
			productReference = 26196CB320C55C6E0097D72D /* GoogleMapProject.app */;
			productType = "com.apple.product-type.application";
		};
/* End PBXNativeTarget section */

/* Begin PBXProject section */
		26196CAB20C55C6E0097D72D /* Project object */ = {
			isa = PBXProject;
			attributes = {
				LastUpgradeCheck = 0930;
				ORGANIZATIONNAME = "俞乃胜";
				TargetAttributes = {
					26196CB220C55C6E0097D72D = {
						CreatedOnToolsVersion = 9.3.1;
					};
				};
			};
			buildConfigurationList = 26196CAE20C55C6E0097D72D /* Build configuration list for PBXProject "GoogleMapProject" */;
			compatibilityVersion = "Xcode 9.3";
			developmentRegion = en;
			hasScannedForEncodings = 0;
			knownRegions = (
				en,
				Base,
			);
			mainGroup = 26196CAA20C55C6E0097D72D;
			productRefGroup = 26196CB420C55C6E0097D72D /* Products */;
			projectDirPath = "";
			projectRoot = "";
			targets = (
				26196CB220C55C6E0097D72D /* GoogleMapProject */,
			);
		};
/* End PBXProject section */

/* Begin PBXResourcesBuildPhase section */
		26196CB120C55C6E0097D72D /* Resources */ = {
			isa = PBXResourcesBuildPhase;
			buildActionMask = 2147483647;
			files = (
				26196CC620C55C6F0097D72D /* LaunchScreen.storyboard in Resources */,
				26196CC320C55C6F0097D72D /* Assets.xcassets in Resources */,
				26196CBE20C55C6E0097D72D /* Main.storyboard in Resources */,
			);
			runOnlyForDeploymentPostprocessing = 0;
		};
/* End PBXResourcesBuildPhase section */

/* Begin PBXShellScriptBuildPhase section */
		A7E56B8AF751FF42F8C5C8F2 /* [CP] Check Pods Manifest.lock */ = {
			isa = PBXShellScriptBuildPhase;
			buildActionMask = 2147483647;
			files = (
			);
			inputPaths = (
				"${PODS_PODFILE_DIR_PATH}/Podfile.lock",
				"${PODS_ROOT}/Manifest.lock",
			);
			name = "[CP] Check Pods Manifest.lock";
			outputPaths = (
				"$(DERIVED_FILE_DIR)/Pods-GoogleMapProject-checkManifestLockResult.txt",
			);
			runOnlyForDeploymentPostprocessing = 0;
			shellPath = /bin/sh;
			shellScript = "diff \"${PODS_PODFILE_DIR_PATH}/Podfile.lock\" \"${PODS_ROOT}/Manifest.lock\" > /dev/null\nif [ $? != 0 ] ; then\n    # print error to STDERR\n    echo \"error: The sandbox is not in sync with the Podfile.lock. Run 'pod install' or update your CocoaPods installation.\" >&2\n    exit 1\nfi\n# This output is used by Xcode 'outputs' to avoid re-running this script phase.\necho \"SUCCESS\" > \"${SCRIPT_OUTPUT_FILE_0}\"\n";
			showEnvVarsInLog = 0;
		};
		E63174958DDB3D3065139118 /* [CP] Copy Pods Resources */ = {
			isa = PBXShellScriptBuildPhase;
			buildActionMask = 2147483647;
			files = (
			);
			inputPaths = (
				"${SRCROOT}/Pods/Target Support Files/Pods-GoogleMapProject/Pods-GoogleMapProject-resources.sh",
				"${PODS_ROOT}/GoogleMaps/Maps/Frameworks/GoogleMaps.framework/Resources/GoogleMaps.bundle",
				"${PODS_ROOT}/MJRefresh/MJRefresh/MJRefresh.bundle",
				"${PODS_CONFIGURATION_BUILD_DIR}/MWPhotoBrowser/MWPhotoBrowser.bundle",
				"${PODS_ROOT}/SVProgressHUD/SVProgressHUD/SVProgressHUD.bundle",
				"${PODS_ROOT}/TZImagePickerController/TZImagePickerController/TZImagePickerController/TZImagePickerController.bundle",
			);
			name = "[CP] Copy Pods Resources";
			outputPaths = (
				"${TARGET_BUILD_DIR}/${UNLOCALIZED_RESOURCES_FOLDER_PATH}/GoogleMaps.bundle",
				"${TARGET_BUILD_DIR}/${UNLOCALIZED_RESOURCES_FOLDER_PATH}/MJRefresh.bundle",
				"${TARGET_BUILD_DIR}/${UNLOCALIZED_RESOURCES_FOLDER_PATH}/MWPhotoBrowser.bundle",
				"${TARGET_BUILD_DIR}/${UNLOCALIZED_RESOURCES_FOLDER_PATH}/SVProgressHUD.bundle",
				"${TARGET_BUILD_DIR}/${UNLOCALIZED_RESOURCES_FOLDER_PATH}/TZImagePickerController.bundle",
			);
			runOnlyForDeploymentPostprocessing = 0;
			shellPath = /bin/sh;
			shellScript = "\"${SRCROOT}/Pods/Target Support Files/Pods-GoogleMapProject/Pods-GoogleMapProject-resources.sh\"\n";
			showEnvVarsInLog = 0;
		};
/* End PBXShellScriptBuildPhase section */

/* Begin PBXSourcesBuildPhase section */
		26196CAF20C55C6E0097D72D /* Sources */ = {
			isa = PBXSourcesBuildPhase;
			buildActionMask = 2147483647;
			files = (
				C977133120E23BAF007AE5F0 /* ShopInfoFooter.m in Sources */,
				C977138820E47DF3007AE5F0 /* CustormAlertView.m in Sources */,
				267BBF6020DA99460005AE5A /* HomePageSectionOneCell.m in Sources */,
				267BBF6C20DAAEE60005AE5A /* LeftViewController.m in Sources */,
				C977134020E32820007AE5F0 /* ShopCommentSectionZeroHeader.m in Sources */,
				C97712ED20DB5085007AE5F0 /* VersionInformationViewController.m in Sources */,
				C938504B20ECAD10007AF5A7 /* TestViewController.m in Sources */,
				267BBF6920DAA1F50005AE5A /* HomePageSectionTowheader.m in Sources */,
				C977139120E4BFF0007AE5F0 /* SearchResultSectionZeroCell.m in Sources */,
				C97712E120DB4F2D007AE5F0 /* CommentViewController.m in Sources */,
				C977134320E33129007AE5F0 /* ShopCommentSectionZeroCell.m in Sources */,
				260C46D220CD6736008952B4 /* TopView.m in Sources */,
				C977130020E09F73007AE5F0 /* PersonImageCell.m in Sources */,
				C977138B20E4B854007AE5F0 /* SearchResultViewController.m in Sources */,
				C977132520E212FB007AE5F0 /* ShopInfoViewController.m in Sources */,
				265F8D1720EBC29600620F3E /* SearchKeyViewController.m in Sources */,
				2682073820F261EA00DE7FE0 /* HomePageSectionTowModel.m in Sources */,
				C977138E20E4BE35007AE5F0 /* SearchResultHeader.m in Sources */,
				267BBF7520DAB9090005AE5A /* CollectionShopViewController.m in Sources */,
				26196CC120C55C6E0097D72D /* GoogleMapProject.xcdatamodeld in Sources */,
				C977130320E0B768007AE5F0 /* PersonDataCell.m in Sources */,
				26904EB520E78A2200084B5F /* HomePageMapViewController.m in Sources */,
				267BBF4F20D941D20005AE5A /* FogotSecondViewController.m in Sources */,
				26904EB820E78CD000084B5F /* YNSFunctionBar.m in Sources */,
				267BBF5420DA7D4F0005AE5A /* ThirdPartyLandedView.m in Sources */,
				26196CBB20C55C6E0097D72D /* ViewController.m in Sources */,
				267BBF7820DBDFA50005AE5A /* NavHeader.m in Sources */,
				26196CC920C55C6F0097D72D /* main.m in Sources */,
				2636ACA220F635BE00FBDDC5 /* HomePageSectionZeroTypeTowCell.m in Sources */,
				267BBF5A20DA89A10005AE5A /* HomePageNavView.m in Sources */,
				2682073B20F3A5F100DE7FE0 /* SearchResultFooter.m in Sources */,
				267BBF5720DA840A0005AE5A /* HomePageViewController.m in Sources */,
				C97712EA20DB5062007AE5F0 /* AboutUsViewController.m in Sources */,
				C908C6E120F3443E0090E2B1 /* MapBottomModel.m in Sources */,
				C977130620E0DF69007AE5F0 /* ChangePersonNameViewController.m in Sources */,
				C977132E20E23249007AE5F0 /* ShopInfoCommentTableViewCell.m in Sources */,
				C97712FD20E09B4A007AE5F0 /* PersonDataController.m in Sources */,
				C977133A20E32217007AE5F0 /* ShopCommentViewController.m in Sources */,
				C977134920E33BCB007AE5F0 /* ShopCommentSectionThreeCell.m in Sources */,
				267BBF8120DBFC9E0005AE5A /* CommentCell.m in Sources */,
				C977134620E3392F007AE5F0 /* ShopCommentSectionOneCell.m in Sources */,
				C938505420EDE24C007AF5A7 /* CollectionShopModel.m in Sources */,
				C977133D20E32326007AE5F0 /* ShopCommentNavBar.m in Sources */,
				267BBF4320D913760005AE5A /* LoginViewController.m in Sources */,
				C908C6E420F355B20090E2B1 /* CustomMarker.m in Sources */,
				C908C6E720F483280090E2B1 /* SearchResultModel.m in Sources */,
				265F8D1D20EE5C9B00620F3E /* RegistSecondViewController.m in Sources */,
				265F8D2020EE69BE00620F3E /* CommentModel.m in Sources */,
				267BBF4920D92B450005AE5A /* FogotViewController.m in Sources */,
				267BBF4C20D93D4D0005AE5A /* PubulicObj.m in Sources */,
				C977137C20E358AD007AE5F0 /* CustomAccount.m in Sources */,
				C977132820E214F7007AE5F0 /* ShopInfoTableViewCell.m in Sources */,
				260C46CF20CD5841008952B4 /* BottomView.m in Sources */,
				267BBF6320DA9FC20005AE5A /* HomePageSecitonThreeCell.m in Sources */,
				C977130F20E1D28B007AE5F0 /* FilterView.m in Sources */,
				267BBF6F20DAB2060005AE5A /* LeftViewHeader.m in Sources */,
				C977132220E20688007AE5F0 /* HomePageListViewController.m in Sources */,
				267BBF5D20DA912E0005AE5A /* HomePageSectionZeroCell.m in Sources */,
				C938504E20ECB44A007AF5A7 /* CustomBrowser.m in Sources */,
				C97712E720DB5046007AE5F0 /* BindingPhoneViewController.m in Sources */,
				267BBF6620DAA1D30005AE5A /* HomePageSectionOneheader.m in Sources */,
				C977138220E475ED007AE5F0 /* FirstViewController.m in Sources */,
				2682073520F2613A00DE7FE0 /* HomePageSectionOneModel.m in Sources */,
				C977131220E1DFD9007AE5F0 /* FilterHeader.m in Sources */,
				C938505120EDA741007AF5A7 /* AFNetRequest.m in Sources */,
				267BBF4620D92B330005AE5A /* RegistViewController.m in Sources */,
				C977137F20E37913007AE5F0 /* FiterOtherCell.m in Sources */,
				265F8D1A20EBC8BA00620F3E /* SearchKeyNavVar.m in Sources */,
				267BBF7B20DBEA8E0005AE5A /* CollectionShopUneditCell.m in Sources */,
				C977131C20E1F845007AE5F0 /* CustomBut.m in Sources */,
				C977130C20E0EFAC007AE5F0 /* ChangeTelphoneNumViewController.m in Sources */,
				26196CB820C55C6E0097D72D /* AppDelegate.m in Sources */,
				267BBF7E20DBF4930005AE5A /* CollectionShopEditCell.m in Sources */,
				26A608C620E1251300B677FF /* ChangePasswordViewController.m in Sources */,
				C977139420E4C1B1007AE5F0 /* SearchResultSectionOneCell.m in Sources */,
				265F8D1420EBA9FF00620F3E /* KNLocationConverter.m in Sources */,
				C977131920E1EF42007AE5F0 /* FilterItem.m in Sources */,
				C938504820EC9F85007AF5A7 /* YFScaleScrollViewView.m in Sources */,
				C938504720EC9F85007AF5A7 /* YFScrollView.m in Sources */,
				C977131620E1EECC007AE5F0 /* FilterHeaderModel.m in Sources */,
				C977133720E31FFD007AE5F0 /* CWStarRateView.m in Sources */,
				C977131F20E1F87E007AE5F0 /* FilterCell.m in Sources */,
				C977130920E0E93F007AE5F0 /* ChangeSexViewController.m in Sources */,
				C977133420E23FD4007AE5F0 /* ShopInfoNavBar.m in Sources */,
			);
			runOnlyForDeploymentPostprocessing = 0;
		};
/* End PBXSourcesBuildPhase section */

/* Begin PBXVariantGroup section */
		26196CBC20C55C6E0097D72D /* Main.storyboard */ = {
			isa = PBXVariantGroup;
			children = (
				26196CBD20C55C6E0097D72D /* Base */,
			);
			name = Main.storyboard;
			sourceTree = "<group>";
		};
		26196CC420C55C6F0097D72D /* LaunchScreen.storyboard */ = {
			isa = PBXVariantGroup;
			children = (
				26196CC520C55C6F0097D72D /* Base */,
			);
			name = LaunchScreen.storyboard;
			sourceTree = "<group>";
		};
/* End PBXVariantGroup section */

/* Begin XCBuildConfiguration section */
		26196CCA20C55C6F0097D72D /* Debug */ = {
			isa = XCBuildConfiguration;
			buildSettings = {
				ALWAYS_SEARCH_USER_PATHS = NO;
				CLANG_ANALYZER_NONNULL = YES;
				CLANG_ANALYZER_NUMBER_OBJECT_CONVERSION = YES_AGGRESSIVE;
				CLANG_CXX_LANGUAGE_STANDARD = "gnu++14";
				CLANG_CXX_LIBRARY = "libc++";
				CLANG_ENABLE_MODULES = YES;
				CLANG_ENABLE_OBJC_ARC = YES;
				CLANG_ENABLE_OBJC_WEAK = YES;
				CLANG_WARN_BLOCK_CAPTURE_AUTORELEASING = YES;
				CLANG_WARN_BOOL_CONVERSION = YES;
				CLANG_WARN_COMMA = YES;
				CLANG_WARN_CONSTANT_CONVERSION = YES;
				CLANG_WARN_DEPRECATED_OBJC_IMPLEMENTATIONS = YES;
				CLANG_WARN_DIRECT_OBJC_ISA_USAGE = YES_ERROR;
				CLANG_WARN_DOCUMENTATION_COMMENTS = YES;
				CLANG_WARN_EMPTY_BODY = YES;
				CLANG_WARN_ENUM_CONVERSION = YES;
				CLANG_WARN_INFINITE_RECURSION = YES;
				CLANG_WARN_INT_CONVERSION = YES;
				CLANG_WARN_NON_LITERAL_NULL_CONVERSION = YES;
				CLANG_WARN_OBJC_IMPLICIT_RETAIN_SELF = YES;
				CLANG_WARN_OBJC_LITERAL_CONVERSION = YES;
				CLANG_WARN_OBJC_ROOT_CLASS = YES_ERROR;
				CLANG_WARN_RANGE_LOOP_ANALYSIS = YES;
				CLANG_WARN_STRICT_PROTOTYPES = YES;
				CLANG_WARN_SUSPICIOUS_MOVE = YES;
				CLANG_WARN_UNGUARDED_AVAILABILITY = YES_AGGRESSIVE;
				CLANG_WARN_UNREACHABLE_CODE = YES;
				CLANG_WARN__DUPLICATE_METHOD_MATCH = YES;
				CODE_SIGN_IDENTITY = "iPhone Developer";
				COPY_PHASE_STRIP = NO;
				DEBUG_INFORMATION_FORMAT = dwarf;
				ENABLE_STRICT_OBJC_MSGSEND = YES;
				ENABLE_TESTABILITY = YES;
				GCC_C_LANGUAGE_STANDARD = gnu11;
				GCC_DYNAMIC_NO_PIC = NO;
				GCC_NO_COMMON_BLOCKS = YES;
				GCC_OPTIMIZATION_LEVEL = 0;
				GCC_PREPROCESSOR_DEFINITIONS = (
					"DEBUG=1",
					"$(inherited)",
				);
				GCC_WARN_64_TO_32_BIT_CONVERSION = YES;
				GCC_WARN_ABOUT_RETURN_TYPE = YES_ERROR;
				GCC_WARN_UNDECLARED_SELECTOR = YES;
				GCC_WARN_UNINITIALIZED_AUTOS = YES_AGGRESSIVE;
				GCC_WARN_UNUSED_FUNCTION = YES;
				GCC_WARN_UNUSED_VARIABLE = YES;
				IPHONEOS_DEPLOYMENT_TARGET = 11.3;
				MTL_ENABLE_DEBUG_INFO = YES;
				ONLY_ACTIVE_ARCH = YES;
				SDKROOT = iphoneos;
			};
			name = Debug;
		};
		26196CCB20C55C6F0097D72D /* Release */ = {
			isa = XCBuildConfiguration;
			buildSettings = {
				ALWAYS_SEARCH_USER_PATHS = NO;
				CLANG_ANALYZER_NONNULL = YES;
				CLANG_ANALYZER_NUMBER_OBJECT_CONVERSION = YES_AGGRESSIVE;
				CLANG_CXX_LANGUAGE_STANDARD = "gnu++14";
				CLANG_CXX_LIBRARY = "libc++";
				CLANG_ENABLE_MODULES = YES;
				CLANG_ENABLE_OBJC_ARC = YES;
				CLANG_ENABLE_OBJC_WEAK = YES;
				CLANG_WARN_BLOCK_CAPTURE_AUTORELEASING = YES;
				CLANG_WARN_BOOL_CONVERSION = YES;
				CLANG_WARN_COMMA = YES;
				CLANG_WARN_CONSTANT_CONVERSION = YES;
				CLANG_WARN_DEPRECATED_OBJC_IMPLEMENTATIONS = YES;
				CLANG_WARN_DIRECT_OBJC_ISA_USAGE = YES_ERROR;
				CLANG_WARN_DOCUMENTATION_COMMENTS = YES;
				CLANG_WARN_EMPTY_BODY = YES;
				CLANG_WARN_ENUM_CONVERSION = YES;
				CLANG_WARN_INFINITE_RECURSION = YES;
				CLANG_WARN_INT_CONVERSION = YES;
				CLANG_WARN_NON_LITERAL_NULL_CONVERSION = YES;
				CLANG_WARN_OBJC_IMPLICIT_RETAIN_SELF = YES;
				CLANG_WARN_OBJC_LITERAL_CONVERSION = YES;
				CLANG_WARN_OBJC_ROOT_CLASS = YES_ERROR;
				CLANG_WARN_RANGE_LOOP_ANALYSIS = YES;
				CLANG_WARN_STRICT_PROTOTYPES = YES;
				CLANG_WARN_SUSPICIOUS_MOVE = YES;
				CLANG_WARN_UNGUARDED_AVAILABILITY = YES_AGGRESSIVE;
				CLANG_WARN_UNREACHABLE_CODE = YES;
				CLANG_WARN__DUPLICATE_METHOD_MATCH = YES;
				CODE_SIGN_IDENTITY = "iPhone Developer";
				COPY_PHASE_STRIP = NO;
				DEBUG_INFORMATION_FORMAT = "dwarf-with-dsym";
				ENABLE_NS_ASSERTIONS = NO;
				ENABLE_STRICT_OBJC_MSGSEND = YES;
				GCC_C_LANGUAGE_STANDARD = gnu11;
				GCC_NO_COMMON_BLOCKS = YES;
				GCC_WARN_64_TO_32_BIT_CONVERSION = YES;
				GCC_WARN_ABOUT_RETURN_TYPE = YES_ERROR;
				GCC_WARN_UNDECLARED_SELECTOR = YES;
				GCC_WARN_UNINITIALIZED_AUTOS = YES_AGGRESSIVE;
				GCC_WARN_UNUSED_FUNCTION = YES;
				GCC_WARN_UNUSED_VARIABLE = YES;
				IPHONEOS_DEPLOYMENT_TARGET = 11.3;
				MTL_ENABLE_DEBUG_INFO = NO;
				SDKROOT = iphoneos;
				VALIDATE_PRODUCT = YES;
			};
			name = Release;
		};
		26196CCD20C55C6F0097D72D /* Debug */ = {
			isa = XCBuildConfiguration;
			baseConfigurationReference = 764BAFDF28E3445530AD6A69 /* Pods-GoogleMapProject.debug.xcconfig */;
			buildSettings = {
				ASSETCATALOG_COMPILER_APPICON_NAME = AppIcon;
				ASSETCATALOG_COMPILER_LAUNCHIMAGE_NAME = LaunchImage;
				CODE_SIGN_STYLE = Automatic;
				DEVELOPMENT_TEAM = JKC6848PHQ;
				FRAMEWORK_SEARCH_PATHS = (
					"$(inherited)",
					"$(PROJECT_DIR)/Subspecs/Maps/Frameworks",
					"$(PROJECT_DIR)/Subspecs/M4B/Frameworks",
					"$(PROJECT_DIR)/Subspecs/Base/Frameworks",
					"$(PROJECT_DIR)",
				);
				GCC_PREFIX_HEADER = "$(SRCROOT)/GoogleMapProject/PrefixHeader.pch";
				INFOPLIST_FILE = GoogleMapProject/Info.plist;
				LD_RUNPATH_SEARCH_PATHS = (
					"$(inherited)",
					"@executable_path/Frameworks",
				);
				PRODUCT_BUNDLE_IDENTIFIER = YuNaiSheng.GoogleMapProject;
				PRODUCT_NAME = "$(TARGET_NAME)";
				TARGETED_DEVICE_FAMILY = "1,2";
			};
			name = Debug;
		};
		26196CCE20C55C6F0097D72D /* Release */ = {
			isa = XCBuildConfiguration;
			baseConfigurationReference = 962BF1968C3B249CC9293335 /* Pods-GoogleMapProject.release.xcconfig */;
			buildSettings = {
				ASSETCATALOG_COMPILER_APPICON_NAME = AppIcon;
				ASSETCATALOG_COMPILER_LAUNCHIMAGE_NAME = LaunchImage;
				CODE_SIGN_STYLE = Automatic;
				DEVELOPMENT_TEAM = JKC6848PHQ;
				FRAMEWORK_SEARCH_PATHS = (
					"$(inherited)",
					"$(PROJECT_DIR)/Subspecs/Maps/Frameworks",
					"$(PROJECT_DIR)/Subspecs/M4B/Frameworks",
					"$(PROJECT_DIR)/Subspecs/Base/Frameworks",
					"$(PROJECT_DIR)",
				);
				GCC_PREFIX_HEADER = "$(SRCROOT)/GoogleMapProject/PrefixHeader.pch";
				INFOPLIST_FILE = GoogleMapProject/Info.plist;
				LD_RUNPATH_SEARCH_PATHS = (
					"$(inherited)",
					"@executable_path/Frameworks",
				);
				PRODUCT_BUNDLE_IDENTIFIER = YuNaiSheng.GoogleMapProject;
				PRODUCT_NAME = "$(TARGET_NAME)";
				TARGETED_DEVICE_FAMILY = "1,2";
			};
			name = Release;
		};
/* End XCBuildConfiguration section */

/* Begin XCConfigurationList section */
		26196CAE20C55C6E0097D72D /* Build configuration list for PBXProject "GoogleMapProject" */ = {
			isa = XCConfigurationList;
			buildConfigurations = (
				26196CCA20C55C6F0097D72D /* Debug */,
				26196CCB20C55C6F0097D72D /* Release */,
			);
			defaultConfigurationIsVisible = 0;
			defaultConfigurationName = Release;
		};
		26196CCC20C55C6F0097D72D /* Build configuration list for PBXNativeTarget "GoogleMapProject" */ = {
			isa = XCConfigurationList;
			buildConfigurations = (
				26196CCD20C55C6F0097D72D /* Debug */,
				26196CCE20C55C6F0097D72D /* Release */,
			);
			defaultConfigurationIsVisible = 0;
			defaultConfigurationName = Release;
		};
/* End XCConfigurationList section */

/* Begin XCVersionGroup section */
		26196CBF20C55C6E0097D72D /* GoogleMapProject.xcdatamodeld */ = {
			isa = XCVersionGroup;
			children = (
				26196CC020C55C6E0097D72D /* GoogleMapProject.xcdatamodel */,
			);
			currentVersion = 26196CC020C55C6E0097D72D /* GoogleMapProject.xcdatamodel */;
			path = GoogleMapProject.xcdatamodeld;
			sourceTree = "<group>";
			versionGroupType = wrapper.xcdatamodel;
		};
/* End XCVersionGroup section */
	};
	rootObject = 26196CAB20C55C6E0097D72D /* Project object */;
}
